# This file is autogenerated, do not edit; changes may be undone by the next 'dep ensure'.


[[projects]]
  branch = "master"
  name = "golang.org/x/tools"
  packages = ["go/ast/astutil"]
  revision = "9b61fcc4c548d69663d915801fc4b42a43b6cd9c"

[solve-meta]
  analyzer-name = "dep"
  analyzer-version = 1
  inputs-digest = "22b3005d2acd0c9c876fdc906c2a4f410e53f9546a0b1722c416d7ce3fada556"
  solver-name = "gps-cdcl"
  solver-version = 1
